// !$*UTF8*$!
{
	archiveVersion = 1;
	classes = {
	};
	objectVersion = 50;
	objects = {

/* Begin PBXBuildFile section */
		2D1A3B52255FD8A400EE640A /* Localizable.strings in Resources */ = {isa = PBXBuildFile; fileRef = 2DCBB83B2389B2E60069BEB3 /* Localizable.strings */; };
		2D847573236D523800C9BE4F /* AppDelegate.swift in Sources */ = {isa = PBXBuildFile; fileRef = 2D847572236D523800C9BE4F /* AppDelegate.swift */; };
		2D847576236D523800C9BE4F /* Main.storyboard in Resources */ = {isa = PBXBuildFile; fileRef = 2D847574236D523800C9BE4F /* Main.storyboard */; };
		2D847578236D523800C9BE4F /* ViewController.swift in Sources */ = {isa = PBXBuildFile; fileRef = 2D847577236D523800C9BE4F /* ViewController.swift */; };
		2D84757A236D523900C9BE4F /* Assets.xcassets in Resources */ = {isa = PBXBuildFile; fileRef = 2D847579236D523900C9BE4F /* Assets.xcassets */; };
		2D847581236D523A00C9BE4F /* Tab Count Extension.appex in Embed App Extensions */ = {isa = PBXBuildFile; fileRef = 2D847580236D523A00C9BE4F /* Tab Count Extension.appex */; settings = {ATTRIBUTES = (RemoveHeadersOnCopy, ); }; };
		2D847586236D523A00C9BE4F /* Cocoa.framework in Frameworks */ = {isa = PBXBuildFile; fileRef = 2D847585236D523A00C9BE4F /* Cocoa.framework */; };
		2D847589236D523A00C9BE4F /* SafariExtensionHandler.swift in Sources */ = {isa = PBXBuildFile; fileRef = 2D847588236D523A00C9BE4F /* SafariExtensionHandler.swift */; };
		2D84758B236D523A00C9BE4F /* SafariExtensionViewController.swift in Sources */ = {isa = PBXBuildFile; fileRef = 2D84758A236D523A00C9BE4F /* SafariExtensionViewController.swift */; };
		2D84758E236D523A00C9BE4F /* SafariExtensionViewController.xib in Resources */ = {isa = PBXBuildFile; fileRef = 2D84758C236D523A00C9BE4F /* SafariExtensionViewController.xib */; };
		2D847591236D523A00C9BE4F /* script.js in Resources */ = {isa = PBXBuildFile; fileRef = 2D847590236D523A00C9BE4F /* script.js */; };
		2D84759F236D52EA00C9BE4F /* SettingsHelper.swift in Sources */ = {isa = PBXBuildFile; fileRef = 2D84759E236D52EA00C9BE4F /* SettingsHelper.swift */; };
		2D8475A0236D52EA00C9BE4F /* SettingsHelper.swift in Sources */ = {isa = PBXBuildFile; fileRef = 2D84759E236D52EA00C9BE4F /* SettingsHelper.swift */; };
		2D968AEF255B1C9400614E4E /* BartyCrouch.swift in Sources */ = {isa = PBXBuildFile; fileRef = 2D968AEE255B1C9400614E4E /* BartyCrouch.swift */; };
		2D968B17255B231200614E4E /* ToolbarIcon.pdf in Resources */ = {isa = PBXBuildFile; fileRef = 2D968AE9255B1BC900614E4E /* ToolbarIcon.pdf */; };
		2D968B1A255B231200614E4E /* ToolbarIcon.pdf in Resources */ = {isa = PBXBuildFile; fileRef = 2D968AE9255B1BC900614E4E /* ToolbarIcon.pdf */; };
		2D968B22255B297E00614E4E /* tabcount.pdf in Resources */ = {isa = PBXBuildFile; fileRef = 2D968B21255B297D00614E4E /* tabcount.pdf */; };
		2D968B23255B297E00614E4E /* tabcount.pdf in Resources */ = {isa = PBXBuildFile; fileRef = 2D968B21255B297D00614E4E /* tabcount.pdf */; };
		2DA5F9272376A58D002CCB29 /* Helper.swift in Sources */ = {isa = PBXBuildFile; fileRef = 2DA5F9252376A446002CCB29 /* Helper.swift */; };
		2DCBB8392389B2E60069BEB3 /* Localizable.strings in Resources */ = {isa = PBXBuildFile; fileRef = 2DCBB83B2389B2E60069BEB3 /* Localizable.strings */; };
		2DE1D4CB2377DBF400D22F1D /* SettingsViewController.swift in Sources */ = {isa = PBXBuildFile; fileRef = 2DE1D4CA2377DBF400D22F1D /* SettingsViewController.swift */; };
/* End PBXBuildFile section */

/* Begin PBXContainerItemProxy section */
		2D847582236D523A00C9BE4F /* PBXContainerItemProxy */ = {
			isa = PBXContainerItemProxy;
			containerPortal = 2D847565236D523800C9BE4F /* Project object */;
			proxyType = 1;
			remoteGlobalIDString = 2D84757F236D523A00C9BE4F;
			remoteInfo = "tabCount Extension";
		};
/* End PBXContainerItemProxy section */

/* Begin PBXCopyFilesBuildPhase section */
		2D84759A236D523A00C9BE4F /* Embed App Extensions */ = {
			isa = PBXCopyFilesBuildPhase;
			buildActionMask = 2147483647;
			dstPath = "";
			dstSubfolderSpec = 13;
			files = (
				2D847581236D523A00C9BE4F /* Tab Count Extension.appex in Embed App Extensions */,
			);
			name = "Embed App Extensions";
			runOnlyForDeploymentPostprocessing = 0;
		};
/* End PBXCopyFilesBuildPhase section */

/* Begin PBXFileReference section */
		2D84756D236D523800C9BE4F /* Tab Count.app */ = {isa = PBXFileReference; explicitFileType = wrapper.application; includeInIndex = 0; path = "Tab Count.app"; sourceTree = BUILT_PRODUCTS_DIR; };
		2D847570236D523800C9BE4F /* tabCount.entitlements */ = {isa = PBXFileReference; lastKnownFileType = text.plist.entitlements; path = tabCount.entitlements; sourceTree = "<group>"; };
		2D847572236D523800C9BE4F /* AppDelegate.swift */ = {isa = PBXFileReference; lastKnownFileType = sourcecode.swift; path = AppDelegate.swift; sourceTree = "<group>"; };
		2D847575236D523800C9BE4F /* Base */ = {isa = PBXFileReference; lastKnownFileType = file.storyboard; name = Base; path = Base.lproj/Main.storyboard; sourceTree = "<group>"; };
		2D847577236D523800C9BE4F /* ViewController.swift */ = {isa = PBXFileReference; lastKnownFileType = sourcecode.swift; path = ViewController.swift; sourceTree = "<group>"; };
		2D847579236D523900C9BE4F /* Assets.xcassets */ = {isa = PBXFileReference; lastKnownFileType = folder.assetcatalog; path = Assets.xcassets; sourceTree = "<group>"; };
		2D84757B236D523900C9BE4F /* Info.plist */ = {isa = PBXFileReference; lastKnownFileType = text.plist.xml; path = Info.plist; sourceTree = "<group>"; };
		2D847580236D523A00C9BE4F /* Tab Count Extension.appex */ = {isa = PBXFileReference; explicitFileType = "wrapper.app-extension"; includeInIndex = 0; path = "Tab Count Extension.appex"; sourceTree = BUILT_PRODUCTS_DIR; };
		2D847585236D523A00C9BE4F /* Cocoa.framework */ = {isa = PBXFileReference; lastKnownFileType = wrapper.framework; name = Cocoa.framework; path = System/Library/Frameworks/Cocoa.framework; sourceTree = SDKROOT; };
		2D847588236D523A00C9BE4F /* SafariExtensionHandler.swift */ = {isa = PBXFileReference; lastKnownFileType = sourcecode.swift; path = SafariExtensionHandler.swift; sourceTree = "<group>"; };
		2D84758A236D523A00C9BE4F /* SafariExtensionViewController.swift */ = {isa = PBXFileReference; lastKnownFileType = sourcecode.swift; path = SafariExtensionViewController.swift; sourceTree = "<group>"; };
		2D84758D236D523A00C9BE4F /* Base */ = {isa = PBXFileReference; lastKnownFileType = file.xib; name = Base; path = Base.lproj/SafariExtensionViewController.xib; sourceTree = "<group>"; };
		2D847590236D523A00C9BE4F /* script.js */ = {isa = PBXFileReference; lastKnownFileType = sourcecode.javascript; path = script.js; sourceTree = "<group>"; };
		2D847594236D523A00C9BE4F /* tabCount_Extension.entitlements */ = {isa = PBXFileReference; lastKnownFileType = text.plist.entitlements; path = tabCount_Extension.entitlements; sourceTree = "<group>"; };
		2D84759E236D52EA00C9BE4F /* SettingsHelper.swift */ = {isa = PBXFileReference; fileEncoding = 4; lastKnownFileType = sourcecode.swift; path = SettingsHelper.swift; sourceTree = "<group>"; };
		2D921418237353400058613B /* info.plist */ = {isa = PBXFileReference; fileEncoding = 4; lastKnownFileType = text.plist.xml; path = info.plist; sourceTree = "<group>"; };
		2D92141D237484D20058613B /* de */ = {isa = PBXFileReference; lastKnownFileType = text.plist.strings; name = de; path = de.lproj/InfoPlist.strings; sourceTree = "<group>"; };
		2D968AE9255B1BC900614E4E /* ToolbarIcon.pdf */ = {isa = PBXFileReference; lastKnownFileType = image.pdf; path = ToolbarIcon.pdf; sourceTree = "<group>"; };
		2D968AEE255B1C9400614E4E /* BartyCrouch.swift */ = {isa = PBXFileReference; lastKnownFileType = sourcecode.swift; path = BartyCrouch.swift; sourceTree = "<group>"; };
		2D968B21255B297D00614E4E /* tabcount.pdf */ = {isa = PBXFileReference; lastKnownFileType = image.pdf; path = tabcount.pdf; sourceTree = "<group>"; };
		2DA5F9252376A446002CCB29 /* Helper.swift */ = {isa = PBXFileReference; lastKnownFileType = sourcecode.swift; path = Helper.swift; sourceTree = "<group>"; };
		2DC5978F238A620F00C68737 /* ja */ = {isa = PBXFileReference; lastKnownFileType = text.plist.strings; name = ja; path = ja.lproj/Main.strings; sourceTree = "<group>"; };
		2DC59790238A620F00C68737 /* ja */ = {isa = PBXFileReference; lastKnownFileType = text.plist.strings; name = ja; path = ja.lproj/SafariExtensionViewController.strings; sourceTree = "<group>"; };
		2DC59791238A620F00C68737 /* ja */ = {isa = PBXFileReference; lastKnownFileType = text.plist.strings; name = ja; path = ja.lproj/Localizable.strings; sourceTree = "<group>"; };
		2DC59792238A620F00C68737 /* ja */ = {isa = PBXFileReference; lastKnownFileType = text.plist.strings; name = ja; path = ja.lproj/InfoPlist.strings; sourceTree = "<group>"; };
		2DCBB83A2389B2E60069BEB3 /* de */ = {isa = PBXFileReference; lastKnownFileType = text.plist.strings; name = de; path = de.lproj/Localizable.strings; sourceTree = "<group>"; };
		2DE1D4CA2377DBF400D22F1D /* SettingsViewController.swift */ = {isa = PBXFileReference; lastKnownFileType = sourcecode.swift; path = SettingsViewController.swift; sourceTree = "<group>"; };
		2DF22BC7236EA0DC00D0AA12 /* de */ = {isa = PBXFileReference; lastKnownFileType = text.plist.strings; name = de; path = de.lproj/Main.strings; sourceTree = "<group>"; };
		2DF22BC8236EA0DC00D0AA12 /* de */ = {isa = PBXFileReference; lastKnownFileType = text.plist.strings; name = de; path = de.lproj/SafariExtensionViewController.strings; sourceTree = "<group>"; };
/* End PBXFileReference section */

/* Begin PBXFrameworksBuildPhase section */
		2D84756A236D523800C9BE4F /* Frameworks */ = {
			isa = PBXFrameworksBuildPhase;
			buildActionMask = 2147483647;
			files = (
			);
			runOnlyForDeploymentPostprocessing = 0;
		};
		2D84757D236D523A00C9BE4F /* Frameworks */ = {
			isa = PBXFrameworksBuildPhase;
			buildActionMask = 2147483647;
			files = (
				2D847586236D523A00C9BE4F /* Cocoa.framework in Frameworks */,
			);
			runOnlyForDeploymentPostprocessing = 0;
		};
/* End PBXFrameworksBuildPhase section */

/* Begin PBXGroup section */
		2D847564236D523800C9BE4F = {
			isa = PBXGroup;
			children = (
				2D84756F236D523800C9BE4F /* tabCount */,
				2D847587236D523A00C9BE4F /* tabCount Extension */,
				2D847584236D523A00C9BE4F /* Frameworks */,
				2D84756E236D523800C9BE4F /* Products */,
			);
			sourceTree = "<group>";
		};
		2D84756E236D523800C9BE4F /* Products */ = {
			isa = PBXGroup;
			children = (
				2D84756D236D523800C9BE4F /* Tab Count.app */,
				2D847580236D523A00C9BE4F /* Tab Count Extension.appex */,
			);
			name = Products;
			sourceTree = "<group>";
		};
		2D84756F236D523800C9BE4F /* tabCount */ = {
			isa = PBXGroup;
			children = (
				2D847570236D523800C9BE4F /* tabCount.entitlements */,
				2D847572236D523800C9BE4F /* AppDelegate.swift */,
				2D847574236D523800C9BE4F /* Main.storyboard */,
				2D847577236D523800C9BE4F /* ViewController.swift */,
				2DE1D4CA2377DBF400D22F1D /* SettingsViewController.swift */,
				2D847579236D523900C9BE4F /* Assets.xcassets */,
				2D84757B236D523900C9BE4F /* Info.plist */,
				2DCBB83B2389B2E60069BEB3 /* Localizable.strings */,
				2D968AEE255B1C9400614E4E /* BartyCrouch.swift */,
			);
			path = tabCount;
			sourceTree = "<group>";
		};
		2D847584236D523A00C9BE4F /* Frameworks */ = {
			isa = PBXGroup;
			children = (
				2D847585236D523A00C9BE4F /* Cocoa.framework */,
			);
			name = Frameworks;
			sourceTree = "<group>";
		};
		2D847587236D523A00C9BE4F /* tabCount Extension */ = {
			isa = PBXGroup;
			children = (
				2D847588236D523A00C9BE4F /* SafariExtensionHandler.swift */,
				2D84758A236D523A00C9BE4F /* SafariExtensionViewController.swift */,
				2D84758C236D523A00C9BE4F /* SafariExtensionViewController.xib */,
				2D847590236D523A00C9BE4F /* script.js */,
				2D968B21255B297D00614E4E /* tabcount.pdf */,
				2D968AE9255B1BC900614E4E /* ToolbarIcon.pdf */,
				2D847594236D523A00C9BE4F /* tabCount_Extension.entitlements */,
				2D84759E236D52EA00C9BE4F /* SettingsHelper.swift */,
				2DA5F9252376A446002CCB29 /* Helper.swift */,
				2D921418237353400058613B /* info.plist */,
				2D92141E237484D20058613B /* InfoPlist.strings */,
			);
			path = "tabCount Extension";
			sourceTree = "<group>";
		};
/* End PBXGroup section */

/* Begin PBXNativeTarget section */
		2D84756C236D523800C9BE4F /* Tab Count */ = {
			isa = PBXNativeTarget;
			buildConfigurationList = 2D84759B236D523A00C9BE4F /* Build configuration list for PBXNativeTarget "Tab Count" */;
			buildPhases = (
				2DCBB8362389B23A0069BEB3 /* bartycrouch */,
				2D847569236D523800C9BE4F /* Sources */,
				2D84756A236D523800C9BE4F /* Frameworks */,
				2D84756B236D523800C9BE4F /* Resources */,
				2D84759A236D523A00C9BE4F /* Embed App Extensions */,
			);
			buildRules = (
			);
			dependencies = (
				2D847583236D523A00C9BE4F /* PBXTargetDependency */,
			);
			name = "Tab Count";
			productName = tabCount;
			productReference = 2D84756D236D523800C9BE4F /* Tab Count.app */;
			productType = "com.apple.product-type.application";
		};
		2D84757F236D523A00C9BE4F /* Tab Count Extension */ = {
			isa = PBXNativeTarget;
			buildConfigurationList = 2D847597236D523A00C9BE4F /* Build configuration list for PBXNativeTarget "Tab Count Extension" */;
			buildPhases = (
				2D84757C236D523A00C9BE4F /* Sources */,
				2D84757D236D523A00C9BE4F /* Frameworks */,
				2D84757E236D523A00C9BE4F /* Resources */,
			);
			buildRules = (
			);
			dependencies = (
			);
			name = "Tab Count Extension";
			productName = "tabCount Extension";
			productReference = 2D847580236D523A00C9BE4F /* Tab Count Extension.appex */;
			productType = "com.apple.product-type.app-extension";
		};
/* End PBXNativeTarget section */

/* Begin PBXProject section */
		2D847565236D523800C9BE4F /* Project object */ = {
			isa = PBXProject;
			attributes = {
				LastSwiftUpdateCheck = 1120;
				LastUpgradeCheck = 1210;
				ORGANIZATIONNAME = "Claus Wolf";
				TargetAttributes = {
					2D84756C236D523800C9BE4F = {
						CreatedOnToolsVersion = 11.2;
					};
					2D84757F236D523A00C9BE4F = {
						CreatedOnToolsVersion = 11.2;
					};
				};
			};
			buildConfigurationList = 2D847568236D523800C9BE4F /* Build configuration list for PBXProject "Tab Count" */;
			compatibilityVersion = "Xcode 9.3";
			developmentRegion = en;
			hasScannedForEncodings = 0;
			knownRegions = (
				en,
				Base,
				de,
				ja,
			);
			mainGroup = 2D847564236D523800C9BE4F;
			productRefGroup = 2D84756E236D523800C9BE4F /* Products */;
			projectDirPath = "";
			projectRoot = "";
			targets = (
				2D84756C236D523800C9BE4F /* Tab Count */,
				2D84757F236D523A00C9BE4F /* Tab Count Extension */,
			);
		};
/* End PBXProject section */

/* Begin PBXResourcesBuildPhase section */
		2D84756B236D523800C9BE4F /* Resources */ = {
			isa = PBXResourcesBuildPhase;
			buildActionMask = 2147483647;
			files = (
				2DCBB8392389B2E60069BEB3 /* Localizable.strings in Resources */,
				2D968B1A255B231200614E4E /* ToolbarIcon.pdf in Resources */,
				2D84757A236D523900C9BE4F /* Assets.xcassets in Resources */,
				2D847576236D523800C9BE4F /* Main.storyboard in Resources */,
				2D968B22255B297E00614E4E /* tabcount.pdf in Resources */,
			);
			runOnlyForDeploymentPostprocessing = 0;
		};
		2D84757E236D523A00C9BE4F /* Resources */ = {
			isa = PBXResourcesBuildPhase;
			buildActionMask = 2147483647;
			files = (
				2D1A3B52255FD8A400EE640A /* Localizable.strings in Resources */,
				2D968B23255B297E00614E4E /* tabcount.pdf in Resources */,
				2D968B17255B231200614E4E /* ToolbarIcon.pdf in Resources */,
				2D84758E236D523A00C9BE4F /* SafariExtensionViewController.xib in Resources */,
				2D847591236D523A00C9BE4F /* script.js in Resources */,
			);
			runOnlyForDeploymentPostprocessing = 0;
		};
/* End PBXResourcesBuildPhase section */

/* Begin PBXShellScriptBuildPhase section */
		2DCBB8362389B23A0069BEB3 /* bartycrouch */ = {
			isa = PBXShellScriptBuildPhase;
			buildActionMask = 2147483647;
			files = (
			);
			inputFileListPaths = (
			);
			inputPaths = (
			);
			name = bartycrouch;
			outputFileListPaths = (
			);
			outputPaths = (
			);
			runOnlyForDeploymentPostprocessing = 0;
			shellPath = /bin/sh;
			shellScript = "# Type a script or drag a script file from your workspace to insert its path.\nexport PATH=\"$PATH:/opt/homebrew/bin\"\nif which bartycrouch > /dev/null; then\n    bartycrouch update -x\n    bartycrouch lint -x\nelse\n    echo \"warning: BartyCrouch not installed, download it from https://github.com/Flinesoft/BartyCrouch\"\nfi\n";
		};
/* End PBXShellScriptBuildPhase section */

/* Begin PBXSourcesBuildPhase section */
		2D847569236D523800C9BE4F /* Sources */ = {
			isa = PBXSourcesBuildPhase;
			buildActionMask = 2147483647;
			files = (
				2D847578236D523800C9BE4F /* ViewController.swift in Sources */,
				2D968AEF255B1C9400614E4E /* BartyCrouch.swift in Sources */,
				2D84759F236D52EA00C9BE4F /* SettingsHelper.swift in Sources */,
				2D847573236D523800C9BE4F /* AppDelegate.swift in Sources */,
				2DE1D4CB2377DBF400D22F1D /* SettingsViewController.swift in Sources */,
			);
			runOnlyForDeploymentPostprocessing = 0;
		};
		2D84757C236D523A00C9BE4F /* Sources */ = {
			isa = PBXSourcesBuildPhase;
			buildActionMask = 2147483647;
			files = (
				2D84758B236D523A00C9BE4F /* SafariExtensionViewController.swift in Sources */,
				2D8475A0236D52EA00C9BE4F /* SettingsHelper.swift in Sources */,
				2D847589236D523A00C9BE4F /* SafariExtensionHandler.swift in Sources */,
				2DA5F9272376A58D002CCB29 /* Helper.swift in Sources */,
			);
			runOnlyForDeploymentPostprocessing = 0;
		};
/* End PBXSourcesBuildPhase section */

/* Begin PBXTargetDependency section */
		2D847583236D523A00C9BE4F /* PBXTargetDependency */ = {
			isa = PBXTargetDependency;
			target = 2D84757F236D523A00C9BE4F /* Tab Count Extension */;
			targetProxy = 2D847582236D523A00C9BE4F /* PBXContainerItemProxy */;
		};
/* End PBXTargetDependency section */

/* Begin PBXVariantGroup section */
		2D847574236D523800C9BE4F /* Main.storyboard */ = {
			isa = PBXVariantGroup;
			children = (
				2D847575236D523800C9BE4F /* Base */,
				2DF22BC7236EA0DC00D0AA12 /* de */,
				2DC5978F238A620F00C68737 /* ja */,
			);
			name = Main.storyboard;
			sourceTree = "<group>";
		};
		2D84758C236D523A00C9BE4F /* SafariExtensionViewController.xib */ = {
			isa = PBXVariantGroup;
			children = (
				2D84758D236D523A00C9BE4F /* Base */,
				2DF22BC8236EA0DC00D0AA12 /* de */,
				2DC59790238A620F00C68737 /* ja */,
			);
			name = SafariExtensionViewController.xib;
			sourceTree = "<group>";
		};
		2D92141E237484D20058613B /* InfoPlist.strings */ = {
			isa = PBXVariantGroup;
			children = (
				2D92141D237484D20058613B /* de */,
				2DC59792238A620F00C68737 /* ja */,
			);
			name = InfoPlist.strings;
			sourceTree = "<group>";
		};
		2DCBB83B2389B2E60069BEB3 /* Localizable.strings */ = {
			isa = PBXVariantGroup;
			children = (
				2DCBB83A2389B2E60069BEB3 /* de */,
				2DC59791238A620F00C68737 /* ja */,
			);
			name = Localizable.strings;
			sourceTree = "<group>";
		};
/* End PBXVariantGroup section */

/* Begin XCBuildConfiguration section */
		2D847595236D523A00C9BE4F /* Debug */ = {
			isa = XCBuildConfiguration;
			buildSettings = {
				ALWAYS_SEARCH_USER_PATHS = NO;
				CLANG_ANALYZER_LOCALIZABILITY_NONLOCALIZED = YES;
				CLANG_ANALYZER_NONNULL = YES;
				CLANG_ANALYZER_NUMBER_OBJECT_CONVERSION = YES_AGGRESSIVE;
				CLANG_CXX_LANGUAGE_STANDARD = "gnu++14";
				CLANG_CXX_LIBRARY = "libc++";
				CLANG_ENABLE_MODULES = YES;
				CLANG_ENABLE_OBJC_ARC = YES;
				CLANG_ENABLE_OBJC_WEAK = YES;
				CLANG_WARN_BLOCK_CAPTURE_AUTORELEASING = YES;
				CLANG_WARN_BOOL_CONVERSION = YES;
				CLANG_WARN_COMMA = YES;
				CLANG_WARN_CONSTANT_CONVERSION = YES;
				CLANG_WARN_DEPRECATED_OBJC_IMPLEMENTATIONS = YES;
				CLANG_WARN_DIRECT_OBJC_ISA_USAGE = YES_ERROR;
				CLANG_WARN_DOCUMENTATION_COMMENTS = YES;
				CLANG_WARN_EMPTY_BODY = YES;
				CLANG_WARN_ENUM_CONVERSION = YES;
				CLANG_WARN_INFINITE_RECURSION = YES;
				CLANG_WARN_INT_CONVERSION = YES;
				CLANG_WARN_NON_LITERAL_NULL_CONVERSION = YES;
				CLANG_WARN_OBJC_IMPLICIT_RETAIN_SELF = YES;
				CLANG_WARN_OBJC_LITERAL_CONVERSION = YES;
				CLANG_WARN_OBJC_ROOT_CLASS = YES_ERROR;
				CLANG_WARN_QUOTED_INCLUDE_IN_FRAMEWORK_HEADER = YES;
				CLANG_WARN_RANGE_LOOP_ANALYSIS = YES;
				CLANG_WARN_STRICT_PROTOTYPES = YES;
				CLANG_WARN_SUSPICIOUS_MOVE = YES;
				CLANG_WARN_UNGUARDED_AVAILABILITY = YES_AGGRESSIVE;
				CLANG_WARN_UNREACHABLE_CODE = YES;
				CLANG_WARN__DUPLICATE_METHOD_MATCH = YES;
				COPY_PHASE_STRIP = NO;
				DEBUG_INFORMATION_FORMAT = dwarf;
				ENABLE_STRICT_OBJC_MSGSEND = YES;
				ENABLE_TESTABILITY = YES;
				GCC_C_LANGUAGE_STANDARD = gnu11;
				GCC_DYNAMIC_NO_PIC = NO;
				GCC_NO_COMMON_BLOCKS = YES;
				GCC_OPTIMIZATION_LEVEL = 0;
				GCC_PREPROCESSOR_DEFINITIONS = (
					"DEBUG=1",
					"$(inherited)",
				);
				GCC_WARN_64_TO_32_BIT_CONVERSION = YES;
				GCC_WARN_ABOUT_RETURN_TYPE = YES_ERROR;
				GCC_WARN_UNDECLARED_SELECTOR = YES;
				GCC_WARN_UNINITIALIZED_AUTOS = YES_AGGRESSIVE;
				GCC_WARN_UNUSED_FUNCTION = YES;
				GCC_WARN_UNUSED_VARIABLE = YES;
				MACOSX_DEPLOYMENT_TARGET = 10.13;
				MTL_ENABLE_DEBUG_INFO = INCLUDE_SOURCE;
				MTL_FAST_MATH = YES;
				ONLY_ACTIVE_ARCH = YES;
				SDKROOT = macosx;
				SWIFT_ACTIVE_COMPILATION_CONDITIONS = DEBUG;
				SWIFT_OPTIMIZATION_LEVEL = "-Onone";
			};
			name = Debug;
		};
		2D847596236D523A00C9BE4F /* Release */ = {
			isa = XCBuildConfiguration;
			buildSettings = {
				ALWAYS_SEARCH_USER_PATHS = NO;
				CLANG_ANALYZER_LOCALIZABILITY_NONLOCALIZED = YES;
				CLANG_ANALYZER_NONNULL = YES;
				CLANG_ANALYZER_NUMBER_OBJECT_CONVERSION = YES_AGGRESSIVE;
				CLANG_CXX_LANGUAGE_STANDARD = "gnu++14";
				CLANG_CXX_LIBRARY = "libc++";
				CLANG_ENABLE_MODULES = YES;
				CLANG_ENABLE_OBJC_ARC = YES;
				CLANG_ENABLE_OBJC_WEAK = YES;
				CLANG_WARN_BLOCK_CAPTURE_AUTORELEASING = YES;
				CLANG_WARN_BOOL_CONVERSION = YES;
				CLANG_WARN_COMMA = YES;
				CLANG_WARN_CONSTANT_CONVERSION = YES;
				CLANG_WARN_DEPRECATED_OBJC_IMPLEMENTATIONS = YES;
				CLANG_WARN_DIRECT_OBJC_ISA_USAGE = YES_ERROR;
				CLANG_WARN_DOCUMENTATION_COMMENTS = YES;
				CLANG_WARN_EMPTY_BODY = YES;
				CLANG_WARN_ENUM_CONVERSION = YES;
				CLANG_WARN_INFINITE_RECURSION = YES;
				CLANG_WARN_INT_CONVERSION = YES;
				CLANG_WARN_NON_LITERAL_NULL_CONVERSION = YES;
				CLANG_WARN_OBJC_IMPLICIT_RETAIN_SELF = YES;
				CLANG_WARN_OBJC_LITERAL_CONVERSION = YES;
				CLANG_WARN_OBJC_ROOT_CLASS = YES_ERROR;
				CLANG_WARN_QUOTED_INCLUDE_IN_FRAMEWORK_HEADER = YES;
				CLANG_WARN_RANGE_LOOP_ANALYSIS = YES;
				CLANG_WARN_STRICT_PROTOTYPES = YES;
				CLANG_WARN_SUSPICIOUS_MOVE = YES;
				CLANG_WARN_UNGUARDED_AVAILABILITY = YES_AGGRESSIVE;
				CLANG_WARN_UNREACHABLE_CODE = YES;
				CLANG_WARN__DUPLICATE_METHOD_MATCH = YES;
				COPY_PHASE_STRIP = NO;
				DEBUG_INFORMATION_FORMAT = "dwarf-with-dsym";
				ENABLE_NS_ASSERTIONS = NO;
				ENABLE_STRICT_OBJC_MSGSEND = YES;
				GCC_C_LANGUAGE_STANDARD = gnu11;
				GCC_NO_COMMON_BLOCKS = YES;
				GCC_WARN_64_TO_32_BIT_CONVERSION = YES;
				GCC_WARN_ABOUT_RETURN_TYPE = YES_ERROR;
				GCC_WARN_UNDECLARED_SELECTOR = YES;
				GCC_WARN_UNINITIALIZED_AUTOS = YES_AGGRESSIVE;
				GCC_WARN_UNUSED_FUNCTION = YES;
				GCC_WARN_UNUSED_VARIABLE = YES;
				MACOSX_DEPLOYMENT_TARGET = 10.13;
				MTL_ENABLE_DEBUG_INFO = NO;
				MTL_FAST_MATH = YES;
				SDKROOT = macosx;
				SWIFT_COMPILATION_MODE = wholemodule;
				SWIFT_OPTIMIZATION_LEVEL = "-O";
			};
			name = Release;
		};
		2D847598236D523A00C9BE4F /* Debug */ = {
			isa = XCBuildConfiguration;
			buildSettings = {
				CODE_SIGN_ENTITLEMENTS = "tabCount Extension/tabCount_Extension.entitlements";
				CODE_SIGN_IDENTITY = "Apple Development";
				CODE_SIGN_STYLE = Automatic;
				CURRENT_PROJECT_VERSION = 202105;
				DEVELOPMENT_TEAM = J3PNNM2UXC;
				ENABLE_HARDENED_RUNTIME = YES;
				INFOPLIST_FILE = "tabCount Extension/Info.plist";
				LD_RUNPATH_SEARCH_PATHS = (
					"$(inherited)",
					"@executable_path/../Frameworks",
					"@executable_path/../../../../Frameworks",
				);
				MARKETING_VERSION = 2021.5;
				PRODUCT_BUNDLE_IDENTIFIER = "net.otzberg.tabCount.tabCount-Extension";
				PRODUCT_NAME = "$(TARGET_NAME)";
				SKIP_INSTALL = YES;
				SWIFT_VERSION = 5.0;
			};
			name = Debug;
		};
		2D847599236D523A00C9BE4F /* Release */ = {
			isa = XCBuildConfiguration;
			buildSettings = {
				CODE_SIGN_ENTITLEMENTS = "tabCount Extension/tabCount_Extension.entitlements";
				CODE_SIGN_IDENTITY = "Apple Development";
				CODE_SIGN_STYLE = Automatic;
				CURRENT_PROJECT_VERSION = 202105;
				DEVELOPMENT_TEAM = J3PNNM2UXC;
				ENABLE_HARDENED_RUNTIME = YES;
				INFOPLIST_FILE = "tabCount Extension/Info.plist";
				LD_RUNPATH_SEARCH_PATHS = (
					"$(inherited)",
					"@executable_path/../Frameworks",
					"@executable_path/../../../../Frameworks",
				);
				MARKETING_VERSION = 2021.5;
				PRODUCT_BUNDLE_IDENTIFIER = "net.otzberg.tabCount.tabCount-Extension";
				PRODUCT_NAME = "$(TARGET_NAME)";
				SKIP_INSTALL = YES;
				SWIFT_VERSION = 5.0;
			};
			name = Release;
		};
		2D84759C236D523A00C9BE4F /* Debug */ = {
			isa = XCBuildConfiguration;
			buildSettings = {
				ALWAYS_EMBED_SWIFT_STANDARD_LIBRARIES = YES;
				ASSETCATALOG_COMPILER_APPICON_NAME = AppIcon;
				CODE_SIGN_ENTITLEMENTS = tabCount/tabCount.entitlements;
				CODE_SIGN_IDENTITY = "Apple Development";
				CODE_SIGN_STYLE = Automatic;
				COMBINE_HIDPI_IMAGES = YES;
				CURRENT_PROJECT_VERSION = 202105;
				DEVELOPMENT_TEAM = J3PNNM2UXC;
				ENABLE_HARDENED_RUNTIME = YES;
				INFOPLIST_FILE = tabCount/Info.plist;
				LD_RUNPATH_SEARCH_PATHS = (
					"$(inherited)",
					"@executable_path/../Frameworks",
				);
				MARKETING_VERSION = 2021.5;
				PRODUCT_BUNDLE_IDENTIFIER = net.otzberg.tabCount;
				PRODUCT_NAME = "$(TARGET_NAME)";
				SWIFT_VERSION = 5.0;
			};
			name = Debug;
		};
		2D84759D236D523A00C9BE4F /* Release */ = {
			isa = XCBuildConfiguration;
			buildSettings = {
				ALWAYS_EMBED_SWIFT_STANDARD_LIBRARIES = YES;
				ASSETCATALOG_COMPILER_APPICON_NAME = AppIcon;
				CODE_SIGN_ENTITLEMENTS = tabCount/tabCount.entitlements;
				CODE_SIGN_IDENTITY = "Apple Development";
				CODE_SIGN_STYLE = Automatic;
				COMBINE_HIDPI_IMAGES = YES;
				CURRENT_PROJECT_VERSION = 202105;
				DEVELOPMENT_TEAM = J3PNNM2UXC;
				ENABLE_HARDENED_RUNTIME = YES;
				INFOPLIST_FILE = tabCount/Info.plist;
				LD_RUNPATH_SEARCH_PATHS = (
					"$(inherited)",
					"@executable_path/../Frameworks",
				);
				MARKETING_VERSION = 2021.5;
				PRODUCT_BUNDLE_IDENTIFIER = net.otzberg.tabCount;
				PRODUCT_NAME = "$(TARGET_NAME)";
				SWIFT_VERSION = 5.0;
			};
			name = Release;
		};
/* End XCBuildConfiguration section */

/* Begin XCConfigurationList section */
		2D847568236D523800C9BE4F /* Build configuration list for PBXProject "Tab Count" */ = {
			isa = XCConfigurationList;
			buildConfigurations = (
				2D847595236D523A00C9BE4F /* Debug */,
				2D847596236D523A00C9BE4F /* Release */,
			);
			defaultConfigurationIsVisible = 0;
			defaultConfigurationName = Release;
		};
		2D847597236D523A00C9BE4F /* Build configuration list for PBXNativeTarget "Tab Count Extension" */ = {
			isa = XCConfigurationList;
			buildConfigurations = (
				2D847598236D523A00C9BE4F /* Debug */,
				2D847599236D523A00C9BE4F /* Release */,
			);
			defaultConfigurationIsVisible = 0;
			defaultConfigurationName = Release;
		};
		2D84759B236D523A00C9BE4F /* Build configuration list for PBXNativeTarget "Tab Count" */ = {
			isa = XCConfigurationList;
			buildConfigurations = (
				2D84759C236D523A00C9BE4F /* Debug */,
				2D84759D236D523A00C9BE4F /* Release */,
			);
			defaultConfigurationIsVisible = 0;
			defaultConfigurationName = Release;
		};
/* End XCConfigurationList section */
	};
	rootObject = 2D847565236D523800C9BE4F /* Project object */;
}
